
Microsoft Visual Studio Solution File, Format Version 12.00
# Visual Studio Version 16
VisualStudioVersion = 16.0.32126.315
MinimumVisualStudioVersion = 10.0.40219.1
Project("{FAE04EC0-301F-11D3-BF4B-00C04F79EFBC}") = "SampleAPI", "SampleAPI\SampleAPI.csproj", "{18E854A2-EB10-43B7-BA4E-F6F2101AFD27}"
EndProject
Global
	GlobalSection(SolutionConfigurationPlatforms) = preSolution
		Debug|Any CPU = Debug|Any CPU
		Release|Any CPU = Release|Any CPU
	EndGlobalSection
	GlobalSection(ProjectConfigurationPlatforms) = postSolution
		{18E854A2-EB10-43B7-BA4E-F6F2101AFD27}.Debug|Any CPU.ActiveCfg = Debug|Any CPU
		{18E854A2-EB10-43B7-BA4E-F6F2101AFD27}.Debug|Any CPU.Build.0 = Debug|Any CPU
		{18E854A2-EB10-43B7-BA4E-F6F2101AFD27}.Release|Any CPU.ActiveCfg = Release|Any CPU
		{18E854A2-EB10-43B7-BA4E-F6F2101AFD27}.Release|Any CPU.Build.0 = Release|Any CPU
	EndGlobalSection
	GlobalSection(SolutionProperties) = preSolution
		HideSolutionNode = FALSE
	EndGlobalSection
	GlobalSection(ExtensibilityGlobals) = postSolution
		SolutionGuid = {5836DFDF-1CD2-4391-8B07-FB437252BA8E}
	EndGlobalSection
EndGlobal
